version = 1
revision = 3
requires-python = ">=3.9"
resolution-markers = [
    "python_full_version >= '3.14' and sys_platform == 'win32'",
    "python_full_version >= '3.14' and sys_platform == 'emscripten'",
    "python_full_version >= '3.14' and sys_platform != 'emscripten' and sys_platform != 'win32'",
    "python_full_version >= '3.12' and python_full_version < '3.14' and sys_platform == 'win32'",
    "python_full_version >= '3.12' and python_full_version < '3.14' and sys_platform == 'emscripten'",
    "python_full_version >= '3.12' and python_full_version < '3.14' and sys_platform != 'emscripten' and sys_platform != 'win32'",
    "python_full_version == '3.11.*' and sys_platform == 'win32'",
    "python_full_version == '3.11.*' and sys_platform == 'emscripten'",
    "python_full_version == '3.11.*' and sys_platform != 'emscripten' and sys_platform != 'win32'",
    "python_full_version == '3.10.*'",
    "python_full_version < '3.10'",
]

[[package]]
name = "colorama"
version = "0.4.6"
source = { registry = "https://pypi.org/simple" }

[[package]]
name = "exceptiongroup"
version = "1.3.1"
source = { registry = "https://pypi.org/simple" }
dependencies = [
    { name = "typing-extensions", marker = "python_full_version < '3.11'" },
]

[[package]]
name = "forkdemo"
version = "0.1.0"
source = { virtual = "." }
dependencies = [
    { name = "numpy", version = "1.26.4", source = { registry = "https://pypi.org/simple" }, marker = "python_full_version < '3.10'" },
    { name = "numpy", version = "2.2.6", source = { registry = "https://pypi.org/simple" }, marker = "python_full_version == '3.10.*'" },
    { name = "numpy", version = "2.4.6", source = { registry = "https://pypi.org/simple" }, marker = "python_full_version == '3.11.*'" },
    { name = "numpy", version = "2.5.3", source = { registry = "https://pypi.org/simple" }, marker = "python_full_version >= '3.12'" },
    { name = "pandas", version = "2.3.3", source = { registry = "https://pypi.org/simple" }, marker = "python_full_version < '3.11'" },
    { name = "pandas", version = "3.0.6", source = { registry = "https://pypi.org/simple" }, marker = "python_full_version >= '3.11'" },
]

[package.dev-dependencies]
dev = [
    { name = "pytest", version = "8.4.2", source = { registry = "https://pypi.org/simple" }, marker = "python_full_version < '3.10'" },
    { name = "pytest", version = "9.1.1", source = { registry = "https://pypi.org/simple" }, marker = "python_full_version >= '3.10'" },
]

[package.metadata]
requires-dist = [
    { name = "numpy", marker = "python_full_version < '3.10'", specifier = ">=1.24,<2" },
    { name = "numpy", marker = "python_full_version >= '3.10'", specifier = ">=2.1" },
    { name = "pandas", specifier = ">=2.0" },
]

[package.metadata.requires-dev]
dev = [{ name = "pytest", specifier = ">=8" }]

[[package]]
name = "iniconfig"
version = "2.1.0"
source = { registry = "https://pypi.org/simple" }
resolution-markers = [
    "python_full_version < '3.10'",
]

[[package]]
name = "iniconfig"
version = "2.3.0"
source = { registry = "https://pypi.org/simple" }
resolution-markers = [
    "python_full_version >= '3.14' and sys_platform == 'win32'",
    "python_full_version >= '3.14' and sys_platform == 'emscripten'",
    "python_full_version >= '3.14' and sys_platform != 'emscripten' and sys_platform != 'win32'",
    "python_full_version >= '3.12' and python_full_version < '3.14' and sys_platform == 'win32'",
    "python_full_version >= '3.12' and python_full_version < '3.14' and sys_platform == 'emscripten'",
    "python_full_version >= '3.12' and python_full_version < '3.14' and sys_platform != 'emscripten' and sys_platform != 'win32'",
    "python_full_version == '3.11.*' and sys_platform == 'win32'",
    "python_full_version == '3.11.*' and sys_platform == 'emscripten'",
    "python_full_version == '3.11.*' and sys_platform != 'emscripten' and sys_platform != 'win32'",
    "python_full_version == '3.10.*'",
]

[[package]]
name = "numpy"
version = "1.26.4"
source = { registry = "https://pypi.org/simple" }
resolution-markers = [
    "python_full_version < '3.10'",
]

[[package]]
name = "numpy"
version = "2.2.6"
source = { registry = "https://pypi.org/simple" }
resolution-markers = [
    "python_full_version == '3.10.*'",
]

[[package]]
name = "numpy"
version = "2.4.6"
source = { registry = "https://pypi.org/simple" }
resolution-markers = [
    "python_full_version == '3.11.*' and sys_platform == 'win32'",
    "python_full_version == '3.11.*' and sys_platform == 'emscripten'",
    "python_full_version == '3.11.*' and sys_platform != 'emscripten' and sys_platform != 'win32'",
]

[[package]]
name = "numpy"
version = "2.5.3"
source = { registry = "https://pypi.org/simple" }
resolution-markers = [
    "python_full_version >= '3.14' and sys_platform == 'win32'",
    "python_full_version >= '3.14' and sys_platform == 'emscripten'",
    "python_full_version >= '3.14' and sys_platform != 'emscripten' and sys_platform != 'win32'",
    "python_full_version >= '3.12' and python_full_version < '3.14' and sys_platform == 'win32'",
    "python_full_version >= '3.12' and python_full_version < '3.14' and sys_platform == 'emscripten'",
    "python_full_version >= '3.12' and python_full_version < '3.14' and sys_platform != 'emscripten' and sys_platform != 'win32'",
]

[[package]]
name = "packaging"
version = "26.3"
source = { registry = "https://pypi.org/simple" }

[[package]]
name = "pandas"
version = "2.3.3"
source = { registry = "https://pypi.org/simple" }
resolution-markers = [
    "python_full_version == '3.10.*'",
    "python_full_version < '3.10'",
]
dependencies = [
    { name = "numpy", version = "1.26.4", source = { registry = "https://pypi.org/simple" }, marker = "python_full_version < '3.10'" },
    { name = "numpy", version = "2.2.6", source = { registry = "https://pypi.org/simple" }, marker = "python_full_version == '3.10.*'" },
    { name = "python-dateutil", marker = "python_full_version < '3.11'" },
    { name = "pytz", marker = "python_full_version < '3.11'" },
    { name = "tzdata", marker = "python_full_version < '3.11'" },
]

[[package]]
name = "pandas"
version = "3.0.6"
source = { registry = "https://pypi.org/simple" }
resolution-markers = [
    "python_full_version >= '3.14' and sys_platform == 'win32'",
    "python_full_version >= '3.14' and sys_platform == 'emscripten'",
    "python_full_version >= '3.14' and sys_platform != 'emscripten' and sys_platform != 'win32'",
    "python_full_version >= '3.12' and python_full_version < '3.14' and sys_platform == 'win32'",
    "python_full_version >= '3.12' and python_full_version < '3.14' and sys_platform == 'emscripten'",
    "python_full_version >= '3.12' and python_full_version < '3.14' and sys_platform != 'emscripten' and sys_platform != 'win32'",
    "python_full_version == '3.11.*' and sys_platform == 'win32'",
    "python_full_version == '3.11.*' and sys_platform == 'emscripten'",
    "python_full_version == '3.11.*' and sys_platform != 'emscripten' and sys_platform != 'win32'",
]
dependencies = [
    { name = "numpy", version = "2.4.6", source = { registry = "https://pypi.org/simple" }, marker = "python_full_version == '3.11.*'" },
    { name = "numpy", version = "2.5.3", source = { registry = "https://pypi.org/simple" }, marker = "python_full_version >= '3.12'" },
    { name = "python-dateutil", marker = "python_full_version >= '3.11'" },
    { name = "tzdata", marker = "(python_full_version >= '3.11' and sys_platform == 'emscripten') or (python_full_version >= '3.11' and sys_platform == 'win32')" },
]

[[package]]
name = "pluggy"
version = "1.6.0"
source = { registry = "https://pypi.org/simple" }

[[package]]
name = "pygments"
version = "2.21.0"
source = { registry = "https://pypi.org/simple" }

[[package]]
name = "pytest"
version = "8.4.2"
source = { registry = "https://pypi.org/simple" }
resolution-markers = [
    "python_full_version < '3.10'",
]
dependencies = [
    { name = "colorama", marker = "python_full_version < '3.10' and sys_platform == 'win32'" },
    { name = "exceptiongroup", marker = "python_full_version < '3.10'" },
    { name = "iniconfig", version = "2.1.0", source = { registry = "https://pypi.org/simple" }, marker = "python_full_version < '3.10'" },
    { name = "packaging", marker = "python_full_version < '3.10'" },
    { name = "pluggy", marker = "python_full_version < '3.10'" },
    { name = "pygments", marker = "python_full_version < '3.10'" },
    { name = "tomli", marker = "python_full_version < '3.10'" },
]

[[package]]
name = "pytest"
version = "9.1.1"
source = { registry = "https://pypi.org/simple" }
resolution-markers = [
    "python_full_version >= '3.14' and sys_platform == 'win32'",
    "python_full_version >= '3.14' and sys_platform == 'emscripten'",
    "python_full_version >= '3.14' and sys_platform != 'emscripten' and sys_platform != 'win32'",
    "python_full_version >= '3.12' and python_full_version < '3.14' and sys_platform == 'win32'",
    "python_full_version >= '3.12' and python_full_version < '3.14' and sys_platform == 'emscripten'",
    "python_full_version >= '3.12' and python_full_version < '3.14' and sys_platform != 'emscripten' and sys_platform != 'win32'",
    "python_full_version == '3.11.*' and sys_platform == 'win32'",
    "python_full_version == '3.11.*' and sys_platform == 'emscripten'",
    "python_full_version == '3.11.*' and sys_platform != 'emscripten' and sys_platform != 'win32'",
    "python_full_version == '3.10.*'",
]
dependencies = [
    { name = "colorama", marker = "python_full_version >= '3.10' and sys_platform == 'win32'" },
    { name = "exceptiongroup", marker = "python_full_version == '3.10.*'" },
    { name = "iniconfig", version = "2.3.0", source = { registry = "https://pypi.org/simple" }, marker = "python_full_version >= '3.10'" },
    { name = "packaging", marker = "python_full_version >= '3.10'" },
    { name = "pluggy", marker = "python_full_version >= '3.10'" },
    { name = "pygments", marker = "python_full_version >= '3.10'" },
    { name = "tomli", marker = "python_full_version == '3.10.*'" },
]

[[package]]
name = "python-dateutil"
version = "2.9.0.post0"
source = { registry = "https://pypi.org/simple" }
dependencies = [
    { name = "six" },
]

[[package]]
name = "pytz"
version = "2026.4"
source = { registry = "https://pypi.org/simple" }

[[package]]
name = "six"
version = "1.17.0"
source = { registry = "https://pypi.org/simple" }

[[package]]
name = "tomli"
version = "2.4.1"
source = { registry = "https://pypi.org/simple" }

[[package]]
name = "typing-extensions"
version = "4.16.0"
source = { registry = "https://pypi.org/simple" }

[[package]]
name = "tzdata"
version = "2026.4"
source = { registry = "https://pypi.org/simple" }
