# THIS IS AN AUTOGENERATED FILE. DO NOT EDIT THIS FILE DIRECTLY.
# yarn lockfile v1


"@yarnpkg/lockfile@^1.1.0":
  version "1.1.0"
  resolved "https://registry.yarnpkg.com/@yarnpkg/lockfile/-/lockfile-1.1.0.tgz#e77a97fbd345b76d83245edcd17d393b1b41fb31"
  integrity sha512-GpSwvyXOcOOlV70vbnzjj4fW5xW/FdUF6nQEt1ENy7m4ZCczi1+/buVUPAqmGfqznsORNFzUMjctTIp8a9tuCQ==

yaml@^2.1.3:
  version "2.1.3"
  resolved "https://registry.yarnpkg.com/yaml/-/yaml-2.1.3.tgz#9b3a4c8aff9821b696275c79a8bee8399d945207"
  integrity sha512-AacA8nRULjKMX2DvWvOAdBZMOfQlypSFkjcOcu9FalllIDJ1kvlREzcdIZmidQUqqeMv7jorHjq2HlLv/+c2lg==
