# This file is generated by running "yarn install" inside your project.
# Manual changes might be lost - proceed with caution!

__metadata:
  version: 4
  cacheKey: 6

"asap@npm:~2.0.6":
  version: 2.0.6
  resolution: "asap@npm:2.0.6"
  checksum: 3d314f8c598b625a98347bacdba609d4c889c616ca5d8ea65acaae8050ab8b7aa6630df2cfe9856c20b260b432adf2ee7a65a1021f268ef70408c70f809e3a39
  languageName: node
  linkType: hard

"code@workspace:.":
  version: 0.0.0-use.local
  resolution: "code@workspace:."
  dependencies:
    jquery: ^3.5.1
    promise: ^8.1.0
    react: ^16.13.1
    redux: ^4.0.5
  languageName: unknown
  linkType: soft

"jquery@npm:^3.5.1":
  version: 3.5.1
  resolution: "jquery@npm:3.5.1"
  checksum: c50818c84837902a60938c85786feb612f346a9918f7285409d605449460790b3815ad8aaf5806f19e89f1a79b27d327802b421ab354fe213f3fd1801e3562e6
  languageName: node
  linkType: hard

"js-tokens@npm:^3.0.0 || ^4.0.0":
  version: 4.0.0
  resolution: "js-tokens@npm:4.0.0"
  checksum: 1fc4e4667ac2d972aba65148b9cbf9c17566b2394d3504238d8492bbd3e68f496c657eab06b26b40b17db5cac0a34d153a12130e2d2d2bb6dc2cdc8a4764eb1b
  languageName: node
  linkType: hard

"loose-envify@npm:^1.1.0, loose-envify@npm:^1.4.0":
  version: 1.4.0
  resolution: "loose-envify@npm:1.4.0"
  dependencies:
    js-tokens: ^3.0.0 || ^4.0.0
  bin:
    loose-envify: cli.js
  checksum: 5c3b47bbe5f597a3889fb001a3a98aaea2a3fafa48089c19034de1e0121bf57dbee609d184478514d74d5c5a7e9cfa3d846343455e5123b060040d46c39e91dc
  languageName: node
  linkType: hard

"object-assign@npm:^4.1.1":
  version: 4.1.1
  resolution: "object-assign@npm:4.1.1"
  checksum: 66cf021898fc1b13ea573ea8635fbd5a76533f50cecbc2fcd5eee1e8029af41bcebe7023788b6d0e06cbe4401ecea075d972f78ec74467cdc571a0f1a4d1a081
  languageName: node
  linkType: hard

"promise@npm:^8.1.0":
  version: 8.1.0
  resolution: "promise@npm:8.1.0"
  dependencies:
    asap: ~2.0.6
  checksum: ec94008d8a673c276dbc7722c215f583026b8d2588fb83f40e69908c553801eac7fbe3034c9bca853d5c422af20826abdfb9391b982a888868d9c88281dc59fb
  languageName: node
  linkType: hard

"prop-types@npm:^15.6.2":
  version: 15.7.2
  resolution: "prop-types@npm:15.7.2"
  dependencies:
    loose-envify: ^1.4.0
    object-assign: ^4.1.1
    react-is: ^16.8.1
  checksum: a440dd406c5cf53bf39f3e898d2c65178511d34ca3c8c789b30c177992408b9e4273969726b274719aa69ccce5ab34b2fd8caa60b90f23cd2e910cdcf682de52
  languageName: node
  linkType: hard

"react-is@npm:^16.8.1":
  version: 16.13.1
  resolution: "react-is@npm:16.13.1"
  checksum: 11bcf1267a314a522615f626f3ce3727a3a24cdbf61c4d452add3550a7875326669631326cfb1ba3e92b6f72244c32ffecf93ad21c0cad8455d3e169d0e3f060
  languageName: node
  linkType: hard

"react@npm:^16.13.1":
  version: 16.13.1
  resolution: "react@npm:16.13.1"
  dependencies:
    loose-envify: ^1.1.0
    object-assign: ^4.1.1
    prop-types: ^15.6.2
  checksum: 13dcc9ba8a7521ecc3d7e69998dbc5703ae9515308d06a94a474ad34b42f1fc109372265e924a8c9b11d20fa1828407c290b8f61617c36734c4ca907ae7e5f45
  languageName: node
  linkType: hard

"redux@npm:^4.0.5":
  version: 4.0.5
  resolution: "redux@npm:4.0.5"
  dependencies:
    loose-envify: ^1.4.0
    symbol-observable: ^1.2.0
  checksum: 112739c2fb83ae2e18335d942a883b3ee14ebada31ff3a7924511a1f38a4278a762f5823491f3eb5083492de601ed76cb2687295c7d5db9a6e098c2542cdc05b
  languageName: node
  linkType: hard

"symbol-observable@npm:^1.2.0":
  version: 1.2.0
  resolution: "symbol-observable@npm:1.2.0"
  checksum: 268834a1d4cba19d40f367e5c2755f612969c8418e43a3be17408e392802a667f8bb542893440d58a080a8ea8da05ea98e27e472b9f4ff6fbda78a21a1a41c53
  languageName: node
  linkType: hard