# THIS IS AN AUTOGENERATED FILE. DO NOT EDIT THIS FILE DIRECTLY.
# yarn lockfile v1


"mapbox-gl-feature-drag-and-drop@git+https://github.com/jrd/mapbox-gl-feature-drag-and-drop.git":
  version "1.1.1"
  resolved "git+https://github.com/jrd/mapbox-gl-feature-drag-and-drop.git#538b1126e0d15210e91b4a34ffc223b4fec1ef87"