{"format_version":"1.2","terraform_version":"1.8.1","planned_values":{"root_module":{"resources":[{"address":"aws_s3_bucket.this","mode":"managed","type":"aws_s3_bucket","name":"this","provider_name":"registry.opentofu.org/hashicorp/aws","schema_version":0,"values":{"bucket":"tfsec-plan-testing","force_destroy":false,"tags":null,"timeouts":null},"sensitive_values":{"cors_rule":[],"grant":[],"lifecycle_rule":[],"logging":[],"object_lock_configuration":[],"replication_configuration":[],"server_side_encryption_configuration":[],"tags_all":{},"versioning":[],"website":[]}}]}},"resource_drift":[{"address":"aws_security_group.this","mode":"managed","type":"aws_security_group","name":"this","provider_name":"registry.opentofu.org/hashicorp/aws","change":{"actions":["delete"],"before":{"arn":"arn:aws:ec2:us-west-1:145167242158:security-group/sg-0f3ac859864629452","description":"Managed by Terraform","egress":[{"cidr_blocks":[],"description":"","from_port":0,"ipv6_cidr_blocks":[],"prefix_list_ids":[],"protocol":"-1","security_groups":[],"self":false,"to_port":0}],"id":"sg-0f3ac859864629452","ingress":[],"name":"test_sg","name_prefix":"","owner_id":"145167242158","revoke_rules_on_delete":false,"tags":null,"tags_all":{},"timeouts":null,"vpc_id":"vpc-06165c55f5a70fdfa"},"after":null,"after_unknown":{},"before_sensitive":{"egress":[{"cidr_blocks":[],"ipv6_cidr_blocks":[],"prefix_list_ids":[],"security_groups":[]}],"ingress":[],"tags_all":{}},"after_sensitive":false}}],"resource_changes":[{"address":"aws_s3_bucket.this","mode":"managed","type":"aws_s3_bucket","name":"this","provider_name":"registry.opentofu.org/hashicorp/aws","change":{"actions":["create"],"before":null,"after":{"bucket":"tfsec-plan-testing","force_destroy":false,"tags":null,"timeouts":null},"after_unknown":{"acceleration_status":true,"acl":true,"arn":true,"bucket_domain_name":true,"bucket_prefix":true,"bucket_regional_domain_name":true,"cors_rule":true,"grant":true,"hosted_zone_id":true,"id":true,"lifecycle_rule":true,"logging":true,"object_lock_configuration":true,"object_lock_enabled":true,"policy":true,"region":true,"replication_configuration":true,"request_payer":true,"server_side_encryption_configuration":true,"tags_all":true,"versioning":true,"website":true,"website_domain":true,"website_endpoint":true},"before_sensitive":false,"after_sensitive":{"cors_rule":[],"grant":[],"lifecycle_rule":[],"logging":[],"object_lock_configuration":[],"replication_configuration":[],"server_side_encryption_configuration":[],"tags_all":{},"versioning":[],"website":[]}}}],"configuration":{"provider_config":{"aws":{"name":"aws","full_name":"registry.opentofu.org/hashicorp/aws"}},"root_module":{"resources":[{"address":"aws_s3_bucket.this","mode":"managed","type":"aws_s3_bucket","name":"this","provider_config_key":"aws","expressions":{"bucket":{"constant_value":"tfsec-plan-testing"}},"schema_version":0}]}},"timestamp":"2024-08-28T04:27:38Z","errored":false}
