# This file is generated by running "yarn install" inside your project.
# Manual changes might be lost - proceed with caution!

__metadata:
  version: 6
  cacheKey: 8

"is-callable@npm:1.2.7":
  version: 1.2.7
  resolution: "is-callable@npm:1.2.7"
  checksum: 61fd57d03b0d984e2ed3720fb1c7a897827ea174bd44402878e059542ea8c4aeedee0ea0985998aa5cc2736b2fa6e271c08587addb5b3959ac52cf665173d1ac
  languageName: node
  linkType: hard

"is-number@npm:^6.0.0":
  version: 6.0.0
  resolution: "is-number@npm:6.0.0"
  checksum: f73bfced022128b5684bf77e0266a74e5222522bbc40f81cc1e949170c774a3c14b59a208be025d2d97a9c6b79c7c45fe351ab1c2c780872464fdedde0ae067a
  languageName: node
  linkType: hard

"is-odd@npm:3.0.1":
  version: 3.0.1
  resolution: "is-odd@npm:3.0.1"
  dependencies:
    is-number: ^6.0.0
  checksum: 4e2b20764dd2296bafe44823d127f281c7039b37d2feaf5caffc1bf162502ef2920bcd4ad171490f371d3f15f52232c763a8ffc0b3633d4c83385fe20f3493af
  languageName: node
  linkType: hard

"root-workspace-0b6124@workspace:.":
  version: 0.0.0-use.local
  resolution: "root-workspace-0b6124@workspace:."
  dependencies:
    is-callable: 1.2.7
    is-odd: 3.0.1
  dependenciesMeta:
    is-callable@1.2.7:
      unplugged: true
  languageName: unknown
  linkType: soft