{
  "object": {
    "pins": [
      {
        "package": "Nimble",
        "repositoryURL": "https://github.com/Quick/Nimble.git",
        "state": {
          "branch": null,
          "revision": "c93f16c25af5770f0d3e6af27c9634640946b068",
          "version": "9.2.1"
        }
      },
      {
        "package": "Quick",
        "repositoryURL": "https://github.com/Quick/Quick.git",
        "state": {
          "branch": null,
          "revision": "e206b8deba0d01fce70388a6d9dc66cba5603958",
          "version": "7.0.0"
        }
      },
      {
        "package": "ReactiveSwift",
        "repositoryURL": "https://github.com/ReactiveCocoa/ReactiveSwift",
        "state": {
          "branch": null,
          "revision": "40c465af19b993344e84355c00669ba2022ca3cd",
          "version": "7.1.1"
        }
      }
    ]
  },
  "version": 1
}