# Generated by pub
# See https://dart.dev/tools/pub/glossary#lockfile
packages:
  http:
    dependency: "direct main"
    description:
      name: http
      url: "https://pub.flutter-io.cn"
    source: hosted
    version: "0.13.2"
  shelf:
    dependency: transitive
    description:
      name: shelf
      url: "https://pub.flutter-io.cn"
    source: hosted
    version: "1.3.1"
sdks:
  dart: ">=2.18.0 <3.0.0"
  flutter: ">=3.3.0"