{"format_version":"1.2","terraform_version":"1.14.2","planned_values":{"root_module":{"child_modules":[{"resources":[{"address":"module.s3_bucket.aws_s3_bucket.main","mode":"managed","type":"aws_s3_bucket","name":"main","provider_name":"registry.terraform.io/hashicorp/aws","schema_version":0,"values":{"bucket":"test","force_destroy":false,"region":"eu-west-1","tags":null,"timeouts":null},"sensitive_values":{"cors_rule":[],"grant":[],"lifecycle_rule":[],"logging":[],"object_lock_configuration":[],"replication_configuration":[],"server_side_encryption_configuration":[],"tags_all":{},"versioning":[],"website":[]},"identity_schema_version":0,"identity":{"account_id":null,"bucket":null,"region":null}}],"address":"module.s3_bucket"}]}},"resource_changes":[{"address":"module.s3_bucket.aws_s3_bucket.main","module_address":"module.s3_bucket","mode":"managed","type":"aws_s3_bucket","name":"main","provider_name":"registry.terraform.io/hashicorp/aws","change":{"actions":["create"],"before":null,"after":{"bucket":"test","force_destroy":false,"region":"eu-west-1","tags":null,"timeouts":null},"after_unknown":{"acceleration_status":true,"acl":true,"arn":true,"bucket_domain_name":true,"bucket_prefix":true,"bucket_region":true,"bucket_regional_domain_name":true,"cors_rule":true,"grant":true,"hosted_zone_id":true,"id":true,"lifecycle_rule":true,"logging":true,"object_lock_configuration":true,"object_lock_enabled":true,"policy":true,"replication_configuration":true,"request_payer":true,"server_side_encryption_configuration":true,"tags_all":true,"versioning":true,"website":true,"website_domain":true,"website_endpoint":true},"before_sensitive":false,"after_sensitive":{"cors_rule":[],"grant":[],"lifecycle_rule":[],"logging":[],"object_lock_configuration":[],"replication_configuration":[],"server_side_encryption_configuration":[],"tags_all":{},"versioning":[],"website":[]},"after_identity":{"account_id":null,"bucket":null,"region":null}}}],"configuration":{"provider_config":{"aws":{"name":"aws","full_name":"registry.terraform.io/hashicorp/aws","expressions":{"region":{"constant_value":"eu-west-1"}}}},"root_module":{"module_calls":{"s3_bucket":{"source":"./modules/bucket","expressions":{"bucket":{"constant_value":"test"}},"module":{"resources":[{"address":"aws_s3_bucket.main","mode":"managed","type":"aws_s3_bucket","name":"main","provider_config_key":"aws","expressions":{"bucket":{"references":["var.bucket"]}},"schema_version":0}],"variables":{"bucket":{}}}}}}},"timestamp":"2025-12-26T05:42:43Z","applyable":true,"complete":true,"errored":false}