# This file is automatically @generated by Poetry and should not be changed by hand.

[[package]]
name = "attrs"
version = "25.1.0"
description = "Classes Without Boilerplate"
optional = false
python-versions = ">=3.8"
groups = ["main"]
files = []

[[package]]
name = "foo"
version = "1.0.0"
description = "Package requiring a dependency with marker-specific constraints."
optional = false
python-versions = ">=3.8"
groups = ["main"]
files = []

[package.dependencies]
attrs = ">=17.4.0"
typing-extensions = [
    {version = ">=4.6.0", markers = "python_version < \"3.15\""},
    {version = ">=4.14.0", markers = "python_version >= \"3.15\""},
]

[[package]]
name = "typing-extensions"
version = "4.14.0"
description = "Backported and Experimental Type Hints for Python."
optional = false
python-versions = ">=3.9"
groups = ["main"]
files = []
