# This file is automatically @generated by Poetry and should not be changed by hand.

[[package]]
name = "pypi"
version = "2.1"
description = "PyPI is the Python Package Index at http://pypi.org/"
category = "main"
optional = false
python-versions = "*"
files = [
    {file = "pypi-2.1.tar.gz", hash = "sha256:f014c87f871c2143ff613d9d13a59cc8ab8309b048754c27da8c58b21de2c10d"},
]

[metadata]
lock-version = "2.0"
python-versions = "^3.9"
content-hash = "8fe1a16a0f2018499bedde14bd5c44aa7d9540b90c1fe0d53610a62f22e4f612"
