
Microsoft Visual Studio Solution File, Format Version 12.00
# Visual Studio Version 17
VisualStudioVersion = 17.0.31903.59
MinimumVisualStudioVersion = 10.0.40219.1
Project("{FAE04EC0-301F-11D3-BF4B-00C04F79EFBC}") = "Web", "Web\Web.csproj", "{C49BE224-A508-462A-9FF1-542C62927F9E}"
EndProject
Project("{FAE04EC0-301F-11D3-BF4B-00C04F79EFBC}") = "Api", "Api\Api.csproj", "{C813BF86-F9BC-4D86-B065-F9E74DB04940}"
EndProject
Project("{FAE04EC0-301F-11D3-BF4B-00C04F79EFBC}") = "Data", "Data\Data.csproj", "{7AB597BA-7C1D-4BA0-8FFF-A9A280AAC3B1}"
EndProject
Global
	GlobalSection(SolutionConfigurationPlatforms) = preSolution
		Debug|Any CPU = Debug|Any CPU
		Debug|x64 = Debug|x64
		Debug|x86 = Debug|x86
		Release|Any CPU = Release|Any CPU
		Release|x64 = Release|x64
		Release|x86 = Release|x86
	EndGlobalSection
	GlobalSection(ProjectConfigurationPlatforms) = postSolution
		{C49BE224-A508-462A-9FF1-542C62927F9E}.Debug|Any CPU.ActiveCfg = Debug|Any CPU
		{C49BE224-A508-462A-9FF1-542C62927F9E}.Debug|Any CPU.Build.0 = Debug|Any CPU
		{C49BE224-A508-462A-9FF1-542C62927F9E}.Debug|x64.ActiveCfg = Debug|Any CPU
		{C49BE224-A508-462A-9FF1-542C62927F9E}.Debug|x64.Build.0 = Debug|Any CPU
		{C49BE224-A508-462A-9FF1-542C62927F9E}.Debug|x86.ActiveCfg = Debug|Any CPU
		{C49BE224-A508-462A-9FF1-542C62927F9E}.Debug|x86.Build.0 = Debug|Any CPU
		{C49BE224-A508-462A-9FF1-542C62927F9E}.Release|Any CPU.ActiveCfg = Release|Any CPU
		{C49BE224-A508-462A-9FF1-542C62927F9E}.Release|Any CPU.Build.0 = Release|Any CPU
		{C49BE224-A508-462A-9FF1-542C62927F9E}.Release|x64.ActiveCfg = Release|Any CPU
		{C49BE224-A508-462A-9FF1-542C62927F9E}.Release|x64.Build.0 = Release|Any CPU
		{C49BE224-A508-462A-9FF1-542C62927F9E}.Release|x86.ActiveCfg = Release|Any CPU
		{C49BE224-A508-462A-9FF1-542C62927F9E}.Release|x86.Build.0 = Release|Any CPU
		{C813BF86-F9BC-4D86-B065-F9E74DB04940}.Debug|Any CPU.ActiveCfg = Debug|Any CPU
		{C813BF86-F9BC-4D86-B065-F9E74DB04940}.Debug|Any CPU.Build.0 = Debug|Any CPU
		{C813BF86-F9BC-4D86-B065-F9E74DB04940}.Debug|x64.ActiveCfg = Debug|Any CPU
		{C813BF86-F9BC-4D86-B065-F9E74DB04940}.Debug|x64.Build.0 = Debug|Any CPU
		{C813BF86-F9BC-4D86-B065-F9E74DB04940}.Debug|x86.ActiveCfg = Debug|Any CPU
		{C813BF86-F9BC-4D86-B065-F9E74DB04940}.Debug|x86.Build.0 = Debug|Any CPU
		{C813BF86-F9BC-4D86-B065-F9E74DB04940}.Release|Any CPU.ActiveCfg = Release|Any CPU
		{C813BF86-F9BC-4D86-B065-F9E74DB04940}.Release|Any CPU.Build.0 = Release|Any CPU
		{C813BF86-F9BC-4D86-B065-F9E74DB04940}.Release|x64.ActiveCfg = Release|Any CPU
		{C813BF86-F9BC-4D86-B065-F9E74DB04940}.Release|x64.Build.0 = Release|Any CPU
		{C813BF86-F9BC-4D86-B065-F9E74DB04940}.Release|x86.ActiveCfg = Release|Any CPU
		{C813BF86-F9BC-4D86-B065-F9E74DB04940}.Release|x86.Build.0 = Release|Any CPU
		{7AB597BA-7C1D-4BA0-8FFF-A9A280AAC3B1}.Debug|Any CPU.ActiveCfg = Debug|Any CPU
		{7AB597BA-7C1D-4BA0-8FFF-A9A280AAC3B1}.Debug|Any CPU.Build.0 = Debug|Any CPU
		{7AB597BA-7C1D-4BA0-8FFF-A9A280AAC3B1}.Debug|x64.ActiveCfg = Debug|Any CPU
		{7AB597BA-7C1D-4BA0-8FFF-A9A280AAC3B1}.Debug|x64.Build.0 = Debug|Any CPU
		{7AB597BA-7C1D-4BA0-8FFF-A9A280AAC3B1}.Debug|x86.ActiveCfg = Debug|Any CPU
		{7AB597BA-7C1D-4BA0-8FFF-A9A280AAC3B1}.Debug|x86.Build.0 = Debug|Any CPU
		{7AB597BA-7C1D-4BA0-8FFF-A9A280AAC3B1}.Release|Any CPU.ActiveCfg = Release|Any CPU
		{7AB597BA-7C1D-4BA0-8FFF-A9A280AAC3B1}.Release|Any CPU.Build.0 = Release|Any CPU
		{7AB597BA-7C1D-4BA0-8FFF-A9A280AAC3B1}.Release|x64.ActiveCfg = Release|Any CPU
		{7AB597BA-7C1D-4BA0-8FFF-A9A280AAC3B1}.Release|x64.Build.0 = Release|Any CPU
		{7AB597BA-7C1D-4BA0-8FFF-A9A280AAC3B1}.Release|x86.ActiveCfg = Release|Any CPU
		{7AB597BA-7C1D-4BA0-8FFF-A9A280AAC3B1}.Release|x86.Build.0 = Release|Any CPU
	EndGlobalSection
	GlobalSection(SolutionProperties) = preSolution
		HideSolutionNode = FALSE
	EndGlobalSection
EndGlobal
